
Microsoft Visual Studio Solution File, Format Version 12.00
# Visual Studio Version 17
VisualStudioVersion = 17.14.36408.4 d17.14
MinimumVisualStudioVersion = 10.0.40219.1
Project("{FAE04EC0-301F-11D3-BF4B-00C04F79EFBC}") = "CepeRioApp", "CepeRioApp\CepeRioApp.csproj", "{920731CF-2890-4D12-9FCB-0F473BAF3A6F}"
EndProject
Global
	GlobalSection(SolutionConfigurationPlatforms) = preSolution
		Debug|Any CPU = Debug|Any CPU
		Release|Any CPU = Release|Any CPU
	EndGlobalSection
	GlobalSection(ProjectConfigurationPlatforms) = postSolution
		{920731CF-2890-4D12-9FCB-0F473BAF3A6F}.Debug|Any CPU.ActiveCfg = Debug|Any CPU
		{920731CF-2890-4D12-9FCB-0F473BAF3A6F}.Debug|Any CPU.Build.0 = Debug|Any CPU
		{920731CF-2890-4D12-9FCB-0F473BAF3A6F}.Debug|Any CPU.Deploy.0 = Debug|Any CPU
		{920731CF-2890-4D12-9FCB-0F473BAF3A6F}.Release|Any CPU.ActiveCfg = Release|Any CPU
		{920731CF-2890-4D12-9FCB-0F473BAF3A6F}.Release|Any CPU.Build.0 = Release|Any CPU
		{920731CF-2890-4D12-9FCB-0F473BAF3A6F}.Release|Any CPU.Deploy.0 = Release|Any CPU
	EndGlobalSection
	GlobalSection(SolutionProperties) = preSolution
		HideSolutionNode = FALSE
	EndGlobalSection
	GlobalSection(ExtensibilityGlobals) = postSolution
		SolutionGuid = {9F637C0C-3762-4E0A-B99F-AB69A13D239B}
	EndGlobalSection
EndGlobal
